
Microsoft Visual Studio Solution File, Format Version 12.00
# Visual Studio Version 17
VisualStudioVersion = 17.6.33723.286
MinimumVisualStudioVersion = 10.0.40219.1
Project("{9A19103F-16F7-4668-BE54-9A1E7A4F7556}") = "Listener", "ListenerEngine\Listener.csproj", "{BFBC34FA-4FC3-4E21-AD26-A4BBEED56273}"
EndProject
Project("{9A19103F-16F7-4668-BE54-9A1E7A4F7556}") = "ListenerEngine.Mastonet", "ListenerEngine.Mastonet\ListenerEngine.Mastonet.csproj", "{FCC7F232-0C3B-440F-A8B1-BB9F3EC170F8}"
EndProject
Project("{9A19103F-16F7-4668-BE54-9A1E7A4F7556}") = "MastoAltText", "MastoAltText\MastoAltText.csproj", "{D32B56A2-2664-43B8-B0FD-A831BCE0328E}"
EndProject
Project("{9A19103F-16F7-4668-BE54-9A1E7A4F7556}") = "StoreEngine", "StoreEngine\StoreEngine.csproj", "{134C9469-DCA5-4A90-AAC0-7F2F5C6A4BED}"
EndProject
Project("{9A19103F-16F7-4668-BE54-9A1E7A4F7556}") = "StoreEngine.DbContext", "StoreEngine.DbContext\StoreEngine.DbContext.csproj", "{FF825BCD-5499-4B21-AA37-17DE24578120}"
EndProject
Project("{9A19103F-16F7-4668-BE54-9A1E7A4F7556}") = "IntelligenceEngine", "IntelligenceEngine\IntelligenceEngine.csproj", "{78F53B45-C445-46DB-8A75-01D79D1FA155}"
EndProject
Project("{9A19103F-16F7-4668-BE54-9A1E7A4F7556}") = "IntelligenceEngine.DynamicConditions", "IntelligenceEngine.DynamicConditions\IntelligenceEngine.DynamicConditions.csproj", "{C386B8D4-1471-4236-A95A-36D106952F9B}"
EndProject
Project("{9A19103F-16F7-4668-BE54-9A1E7A4F7556}") = "IntelligenceEngine.Test.DynamicConditions", "IntelligenceEngine.Test.DynamicConditions\IntelligenceEngine.Test.DynamicConditions.csproj", "{DD01AA58-0C41-4B4C-8B46-20602B909192}"
EndProject
Project("{9A19103F-16F7-4668-BE54-9A1E7A4F7556}") = "DataClasses", "DataClasses\DataClasses.csproj", "{6DC6ECD0-F8D8-46F3-9372-855A3090F837}"
EndProject
Project("{9A19103F-16F7-4668-BE54-9A1E7A4F7556}") = "SenderEngine", "SenderEngine\SenderEngine.csproj", "{1B16BF92-097D-4CD5-B686-330ECC381900}"
EndProject
Project("{9A19103F-16F7-4668-BE54-9A1E7A4F7556}") = "SenderEngine.Mastonet", "SenderEngine.Mastonet\SenderEngine.Mastonet.csproj", "{90ED14B4-26BF-40EB-9EDE-DFB8850D4531}"
EndProject
Project("{9A19103F-16F7-4668-BE54-9A1E7A4F7556}") = "SenderEngine.Test.Mastonet", "SenderEngine.Test.Mastonet\SenderEngine.Test.Mastonet.csproj", "{4A593183-411B-4907-A601-BB56C9DBD2D2}"
EndProject
Global
	GlobalSection(SolutionConfigurationPlatforms) = preSolution
		Debug|Any CPU = Debug|Any CPU
		Release|Any CPU = Release|Any CPU
	EndGlobalSection
	GlobalSection(ProjectConfigurationPlatforms) = postSolution
		{BFBC34FA-4FC3-4E21-AD26-A4BBEED56273}.Debug|Any CPU.ActiveCfg = Debug|Any CPU
		{BFBC34FA-4FC3-4E21-AD26-A4BBEED56273}.Debug|Any CPU.Build.0 = Debug|Any CPU
		{BFBC34FA-4FC3-4E21-AD26-A4BBEED56273}.Release|Any CPU.ActiveCfg = Release|Any CPU
		{BFBC34FA-4FC3-4E21-AD26-A4BBEED56273}.Release|Any CPU.Build.0 = Release|Any CPU
		{FCC7F232-0C3B-440F-A8B1-BB9F3EC170F8}.Debug|Any CPU.ActiveCfg = Debug|Any CPU
		{FCC7F232-0C3B-440F-A8B1-BB9F3EC170F8}.Debug|Any CPU.Build.0 = Debug|Any CPU
		{FCC7F232-0C3B-440F-A8B1-BB9F3EC170F8}.Release|Any CPU.ActiveCfg = Release|Any CPU
		{FCC7F232-0C3B-440F-A8B1-BB9F3EC170F8}.Release|Any CPU.Build.0 = Release|Any CPU
		{D32B56A2-2664-43B8-B0FD-A831BCE0328E}.Debug|Any CPU.ActiveCfg = Debug|Any CPU
		{D32B56A2-2664-43B8-B0FD-A831BCE0328E}.Debug|Any CPU.Build.0 = Debug|Any CPU
		{D32B56A2-2664-43B8-B0FD-A831BCE0328E}.Release|Any CPU.ActiveCfg = Release|Any CPU
		{D32B56A2-2664-43B8-B0FD-A831BCE0328E}.Release|Any CPU.Build.0 = Release|Any CPU
		{134C9469-DCA5-4A90-AAC0-7F2F5C6A4BED}.Debug|Any CPU.ActiveCfg = Debug|Any CPU
		{134C9469-DCA5-4A90-AAC0-7F2F5C6A4BED}.Debug|Any CPU.Build.0 = Debug|Any CPU
		{134C9469-DCA5-4A90-AAC0-7F2F5C6A4BED}.Release|Any CPU.ActiveCfg = Release|Any CPU
		{134C9469-DCA5-4A90-AAC0-7F2F5C6A4BED}.Release|Any CPU.Build.0 = Release|Any CPU
		{FF825BCD-5499-4B21-AA37-17DE24578120}.Debug|Any CPU.ActiveCfg = Debug|Any CPU
		{FF825BCD-5499-4B21-AA37-17DE24578120}.Debug|Any CPU.Build.0 = Debug|Any CPU
		{FF825BCD-5499-4B21-AA37-17DE24578120}.Release|Any CPU.ActiveCfg = Release|Any CPU
		{FF825BCD-5499-4B21-AA37-17DE24578120}.Release|Any CPU.Build.0 = Release|Any CPU
		{78F53B45-C445-46DB-8A75-01D79D1FA155}.Debug|Any CPU.ActiveCfg = Debug|Any CPU
		{78F53B45-C445-46DB-8A75-01D79D1FA155}.Debug|Any CPU.Build.0 = Debug|Any CPU
		{78F53B45-C445-46DB-8A75-01D79D1FA155}.Release|Any CPU.ActiveCfg = Release|Any CPU
		{78F53B45-C445-46DB-8A75-01D79D1FA155}.Release|Any CPU.Build.0 = Release|Any CPU
		{C386B8D4-1471-4236-A95A-36D106952F9B}.Debug|Any CPU.ActiveCfg = Debug|Any CPU
		{C386B8D4-1471-4236-A95A-36D106952F9B}.Debug|Any CPU.Build.0 = Debug|Any CPU
		{C386B8D4-1471-4236-A95A-36D106952F9B}.Release|Any CPU.ActiveCfg = Release|Any CPU
		{C386B8D4-1471-4236-A95A-36D106952F9B}.Release|Any CPU.Build.0 = Release|Any CPU
		{DD01AA58-0C41-4B4C-8B46-20602B909192}.Debug|Any CPU.ActiveCfg = Debug|Any CPU
		{DD01AA58-0C41-4B4C-8B46-20602B909192}.Debug|Any CPU.Build.0 = Debug|Any CPU
		{DD01AA58-0C41-4B4C-8B46-20602B909192}.Release|Any CPU.ActiveCfg = Release|Any CPU
		{DD01AA58-0C41-4B4C-8B46-20602B909192}.Release|Any CPU.Build.0 = Release|Any CPU
		{6DC6ECD0-F8D8-46F3-9372-855A3090F837}.Debug|Any CPU.ActiveCfg = Debug|Any CPU
		{6DC6ECD0-F8D8-46F3-9372-855A3090F837}.Debug|Any CPU.Build.0 = Debug|Any CPU
		{6DC6ECD0-F8D8-46F3-9372-855A3090F837}.Release|Any CPU.ActiveCfg = Release|Any CPU
		{6DC6ECD0-F8D8-46F3-9372-855A3090F837}.Release|Any CPU.Build.0 = Release|Any CPU
		{1B16BF92-097D-4CD5-B686-330ECC381900}.Debug|Any CPU.ActiveCfg = Debug|Any CPU
		{1B16BF92-097D-4CD5-B686-330ECC381900}.Debug|Any CPU.Build.0 = Debug|Any CPU
		{1B16BF92-097D-4CD5-B686-330ECC381900}.Release|Any CPU.ActiveCfg = Release|Any CPU
		{1B16BF92-097D-4CD5-B686-330ECC381900}.Release|Any CPU.Build.0 = Release|Any CPU
		{90ED14B4-26BF-40EB-9EDE-DFB8850D4531}.Debug|Any CPU.ActiveCfg = Debug|Any CPU
		{90ED14B4-26BF-40EB-9EDE-DFB8850D4531}.Debug|Any CPU.Build.0 = Debug|Any CPU
		{90ED14B4-26BF-40EB-9EDE-DFB8850D4531}.Release|Any CPU.ActiveCfg = Release|Any CPU
		{90ED14B4-26BF-40EB-9EDE-DFB8850D4531}.Release|Any CPU.Build.0 = Release|Any CPU
		{4A593183-411B-4907-A601-BB56C9DBD2D2}.Debug|Any CPU.ActiveCfg = Debug|Any CPU
		{4A593183-411B-4907-A601-BB56C9DBD2D2}.Debug|Any CPU.Build.0 = Debug|Any CPU
		{4A593183-411B-4907-A601-BB56C9DBD2D2}.Release|Any CPU.ActiveCfg = Release|Any CPU
		{4A593183-411B-4907-A601-BB56C9DBD2D2}.Release|Any CPU.Build.0 = Release|Any CPU
	EndGlobalSection
	GlobalSection(SolutionProperties) = preSolution
		HideSolutionNode = FALSE
	EndGlobalSection
	GlobalSection(ExtensibilityGlobals) = postSolution
		SolutionGuid = {E1564D93-862F-4DDF-B0A8-543343C24ED6}
	EndGlobalSection
EndGlobal
